
Microsoft Visual Studio Solution File, Format Version 12.00
# Visual Studio Version 16
VisualStudioVersion = 16.0.29230.47
MinimumVisualStudioVersion = 10.0.40219.1
Project("{9A19103F-16F7-4668-BE54-9A1E7A4F7556}") = "NumPicker", "NumPicker\NumPicker.csproj", "{C6681BC6-1CE3-4859-AF86-8E451C981196}"
EndProject
Global
	GlobalSection(SolutionConfigurationPlatforms) = preSolution
		Debug|Any CPU = Debug|Any CPU
		Release|Any CPU = Release|Any CPU
	EndGlobalSection
	GlobalSection(ProjectConfigurationPlatforms) = postSolution
		{C6681BC6-1CE3-4859-AF86-8E451C981196}.Debug|Any CPU.ActiveCfg = Debug|Any CPU
		{C6681BC6-1CE3-4859-AF86-8E451C981196}.Debug|Any CPU.Build.0 = Debug|Any CPU
		{C6681BC6-1CE3-4859-AF86-8E451C981196}.Release|Any CPU.ActiveCfg = Release|Any CPU
		{C6681BC6-1CE3-4859-AF86-8E451C981196}.Release|Any CPU.Build.0 = Release|Any CPU
	EndGlobalSection
	GlobalSection(SolutionProperties) = preSolution
		HideSolutionNode = FALSE
	EndGlobalSection
	GlobalSection(ExtensibilityGlobals) = postSolution
		SolutionGuid = {63CDB0B3-5B4B-430D-8F2B-BE303F65D7F8}
	EndGlobalSection
EndGlobal
